
Microsoft Visual Studio Solution File, Format Version 12.00
# Visual Studio Version 17
VisualStudioVersion = 17.14.36518.9 d17.14
MinimumVisualStudioVersion = 10.0.40219.1
Project("{FAE04EC0-301F-11D3-BF4B-00C04F79EFBC}") = "Proyecto_3D", "Proyecto_3D\Proyecto_3D.csproj", "{8FAE045D-F8EF-4354-8DE6-EF33E7D48C40}"
EndProject
Global
	GlobalSection(SolutionConfigurationPlatforms) = preSolution
		Debug|Any CPU = Debug|Any CPU
		Release|Any CPU = Release|Any CPU
	EndGlobalSection
	GlobalSection(ProjectConfigurationPlatforms) = postSolution
		{8FAE045D-F8EF-4354-8DE6-EF33E7D48C40}.Debug|Any CPU.ActiveCfg = Debug|Any CPU
		{8FAE045D-F8EF-4354-8DE6-EF33E7D48C40}.Debug|Any CPU.Build.0 = Debug|Any CPU
		{8FAE045D-F8EF-4354-8DE6-EF33E7D48C40}.Release|Any CPU.ActiveCfg = Release|Any CPU
		{8FAE045D-F8EF-4354-8DE6-EF33E7D48C40}.Release|Any CPU.Build.0 = Release|Any CPU
	EndGlobalSection
	GlobalSection(SolutionProperties) = preSolution
		HideSolutionNode = FALSE
	EndGlobalSection
	GlobalSection(ExtensibilityGlobals) = postSolution
		SolutionGuid = {C44932C0-9C52-4B06-937F-50C7BEDA7ADA}
	EndGlobalSection
EndGlobal
